// !$*UTF8*$!
{
	archiveVersion = 1;
	classes = {
	};
	objectVersion = 50;
	objects = {

/* Begin PBXBuildFile section */
		581FD10D21123D870031D8B5 /* Pizzeria.swift in Sources */ = {isa = PBXBuildFile; fileRef = 581FD10C21123D870031D8B5 /* Pizzeria.swift */; };
		581FD10F21123DA70031D8B5 /* PizzeriaViewController.swift in Sources */ = {isa = PBXBuildFile; fileRef = 581FD10E21123DA70031D8B5 /* PizzeriaViewController.swift */; };
		581FD111211243BC0031D8B5 /* OrderViewController.swift in Sources */ = {isa = PBXBuildFile; fileRef = 581FD110211243BC0031D8B5 /* OrderViewController.swift */; };
		581FD1132113AC800031D8B5 /* Order.swift in Sources */ = {isa = PBXBuildFile; fileRef = 581FD1122113AC800031D8B5 /* Order.swift */; };
		581FD1152113ADB10031D8B5 /* Pizza.swift in Sources */ = {isa = PBXBuildFile; fileRef = 581FD1142113ADB10031D8B5 /* Pizza.swift */; };
		588DAFFC21176C07002DF699 /* PizzaViewController.swift in Sources */ = {isa = PBXBuildFile; fileRef = 588DAFFB21176C07002DF699 /* PizzaViewController.swift */; };
		588DB00421178AB6002DF699 /* OrderCell.swift in Sources */ = {isa = PBXBuildFile; fileRef = 588DB00321178AB6002DF699 /* OrderCell.swift */; };
		58E384E7211137EB00BE49CD /* AppDelegate.swift in Sources */ = {isa = PBXBuildFile; fileRef = 58E384E6211137EB00BE49CD /* AppDelegate.swift */; };
		58E384EC211137EB00BE49CD /* Main.storyboard in Resources */ = {isa = PBXBuildFile; fileRef = 58E384EA211137EB00BE49CD /* Main.storyboard */; };
		58E384EE211137EC00BE49CD /* Assets.xcassets in Resources */ = {isa = PBXBuildFile; fileRef = 58E384ED211137EC00BE49CD /* Assets.xcassets */; };
		58E384F1211137EC00BE49CD /* LaunchScreen.storyboard in Resources */ = {isa = PBXBuildFile; fileRef = 58E384EF211137EC00BE49CD /* LaunchScreen.storyboard */; };
/* End PBXBuildFile section */

/* Begin PBXFileReference section */
		581FD10C21123D870031D8B5 /* Pizzeria.swift */ = {isa = PBXFileReference; lastKnownFileType = sourcecode.swift; path = Pizzeria.swift; sourceTree = "<group>"; };
		581FD10E21123DA70031D8B5 /* PizzeriaViewController.swift */ = {isa = PBXFileReference; lastKnownFileType = sourcecode.swift; path = PizzeriaViewController.swift; sourceTree = "<group>"; };
		581FD110211243BC0031D8B5 /* OrderViewController.swift */ = {isa = PBXFileReference; lastKnownFileType = sourcecode.swift; path = OrderViewController.swift; sourceTree = "<group>"; };
		581FD1122113AC800031D8B5 /* Order.swift */ = {isa = PBXFileReference; lastKnownFileType = sourcecode.swift; path = Order.swift; sourceTree = "<group>"; };
		581FD1142113ADB10031D8B5 /* Pizza.swift */ = {isa = PBXFileReference; lastKnownFileType = sourcecode.swift; path = Pizza.swift; sourceTree = "<group>"; };
		588DAFFB21176C07002DF699 /* PizzaViewController.swift */ = {isa = PBXFileReference; lastKnownFileType = sourcecode.swift; path = PizzaViewController.swift; sourceTree = "<group>"; };
		588DB00321178AB6002DF699 /* OrderCell.swift */ = {isa = PBXFileReference; lastKnownFileType = sourcecode.swift; path = OrderCell.swift; sourceTree = "<group>"; };
		58E384E3211137EB00BE49CD /* Pizzeria.app */ = {isa = PBXFileReference; explicitFileType = wrapper.application; includeInIndex = 0; path = Pizzeria.app; sourceTree = BUILT_PRODUCTS_DIR; };
		58E384E6211137EB00BE49CD /* AppDelegate.swift */ = {isa = PBXFileReference; lastKnownFileType = sourcecode.swift; path = AppDelegate.swift; sourceTree = "<group>"; };
		58E384EB211137EB00BE49CD /* Base */ = {isa = PBXFileReference; lastKnownFileType = file.storyboard; name = Base; path = Base.lproj/Main.storyboard; sourceTree = "<group>"; };
		58E384ED211137EC00BE49CD /* Assets.xcassets */ = {isa = PBXFileReference; lastKnownFileType = folder.assetcatalog; path = Assets.xcassets; sourceTree = "<group>"; };
		58E384F0211137EC00BE49CD /* Base */ = {isa = PBXFileReference; lastKnownFileType = file.storyboard; name = Base; path = Base.lproj/LaunchScreen.storyboard; sourceTree = "<group>"; };
		58E384F2211137EC00BE49CD /* Info.plist */ = {isa = PBXFileReference; lastKnownFileType = text.plist.xml; path = Info.plist; sourceTree = "<group>"; };
/* End PBXFileReference section */

/* Begin PBXFrameworksBuildPhase section */
		58E384E0211137EB00BE49CD /* Frameworks */ = {
			isa = PBXFrameworksBuildPhase;
			buildActionMask = 2147483647;
			files = (
			);
			runOnlyForDeploymentPostprocessing = 0;
		};
/* End PBXFrameworksBuildPhase section */

/* Begin PBXGroup section */
		58E384DA211137EB00BE49CD = {
			isa = PBXGroup;
			children = (
				58E384E5211137EB00BE49CD /* Pizzeria */,
				58E384E4211137EB00BE49CD /* Products */,
			);
			sourceTree = "<group>";
		};
		58E384E4211137EB00BE49CD /* Products */ = {
			isa = PBXGroup;
			children = (
				58E384E3211137EB00BE49CD /* Pizzeria.app */,
			);
			name = Products;
			sourceTree = "<group>";
		};
		58E384E5211137EB00BE49CD /* Pizzeria */ = {
			isa = PBXGroup;
			children = (
				588DB00321178AB6002DF699 /* OrderCell.swift */,
				581FD10C21123D870031D8B5 /* Pizzeria.swift */,
				581FD10E21123DA70031D8B5 /* PizzeriaViewController.swift */,
				581FD1122113AC800031D8B5 /* Order.swift */,
				581FD1142113ADB10031D8B5 /* Pizza.swift */,
				58E384E6211137EB00BE49CD /* AppDelegate.swift */,
				58E384EA211137EB00BE49CD /* Main.storyboard */,
				581FD110211243BC0031D8B5 /* OrderViewController.swift */,
				588DAFFB21176C07002DF699 /* PizzaViewController.swift */,
				58E384ED211137EC00BE49CD /* Assets.xcassets */,
				58E384EF211137EC00BE49CD /* LaunchScreen.storyboard */,
				58E384F2211137EC00BE49CD /* Info.plist */,
			);
			path = Pizzeria;
			sourceTree = "<group>";
		};
/* End PBXGroup section */

/* Begin PBXNativeTarget section */
		58E384E2211137EB00BE49CD /* Pizzeria */ = {
			isa = PBXNativeTarget;
			buildConfigurationList = 58E384F5211137EC00BE49CD /* Build configuration list for PBXNativeTarget "Pizzeria" */;
			buildPhases = (
				58E384DF211137EB00BE49CD /* Sources */,
				58E384E0211137EB00BE49CD /* Frameworks */,
				58E384E1211137EB00BE49CD /* Resources */,
			);
			buildRules = (
			);
			dependencies = (
			);
			name = Pizzeria;
			productName = Pizzeria;
			productReference = 58E384E3211137EB00BE49CD /* Pizzeria.app */;
			productType = "com.apple.product-type.application";
		};
/* End PBXNativeTarget section */

/* Begin PBXProject section */
		58E384DB211137EB00BE49CD /* Project object */ = {
			isa = PBXProject;
			attributes = {
				LastSwiftUpdateCheck = 0940;
				LastUpgradeCheck = 0940;
				ORGANIZATIONNAME = "Sam Dindyal";
				TargetAttributes = {
					58E384E2211137EB00BE49CD = {
						CreatedOnToolsVersion = 9.4.1;
					};
				};
			};
			buildConfigurationList = 58E384DE211137EB00BE49CD /* Build configuration list for PBXProject "Pizzeria" */;
			compatibilityVersion = "Xcode 9.3";
			developmentRegion = en;
			hasScannedForEncodings = 0;
			knownRegions = (
				en,
				Base,
			);
			mainGroup = 58E384DA211137EB00BE49CD;
			productRefGroup = 58E384E4211137EB00BE49CD /* Products */;
			projectDirPath = "";
			projectRoot = "";
			targets = (
				58E384E2211137EB00BE49CD /* Pizzeria */,
			);
		};
/* End PBXProject section */

/* Begin PBXResourcesBuildPhase section */
		58E384E1211137EB00BE49CD /* Resources */ = {
			isa = PBXResourcesBuildPhase;
			buildActionMask = 2147483647;
			files = (
				58E384F1211137EC00BE49CD /* LaunchScreen.storyboard in Resources */,
				58E384EE211137EC00BE49CD /* Assets.xcassets in Resources */,
				58E384EC211137EB00BE49CD /* Main.storyboard in Resources */,
			);
			runOnlyForDeploymentPostprocessing = 0;
		};
/* End PBXResourcesBuildPhase section */

/* Begin PBXSourcesBuildPhase section */
		58E384DF211137EB00BE49CD /* Sources */ = {
			isa = PBXSourcesBuildPhase;
			buildActionMask = 2147483647;
			files = (
				581FD10F21123DA70031D8B5 /* PizzeriaViewController.swift in Sources */,
				588DAFFC21176C07002DF699 /* PizzaViewController.swift in Sources */,
				581FD111211243BC0031D8B5 /* OrderViewController.swift in Sources */,
				588DB00421178AB6002DF699 /* OrderCell.swift in Sources */,
				581FD1152113ADB10031D8B5 /* Pizza.swift in Sources */,
				581FD1132113AC800031D8B5 /* Order.swift in Sources */,
				581FD10D21123D870031D8B5 /* Pizzeria.swift in Sources */,
				58E384E7211137EB00BE49CD /* AppDelegate.swift in Sources */,
			);
			runOnlyForDeploymentPostprocessing = 0;
		};
/* End PBXSourcesBuildPhase section */

/* Begin PBXVariantGroup section */
		58E384EA211137EB00BE49CD /* Main.storyboard */ = {
			isa = PBXVariantGroup;
			children = (
				58E384EB211137EB00BE49CD /* Base */,
			);
			name = Main.storyboard;
			sourceTree = "<group>";
		};
		58E384EF211137EC00BE49CD /* LaunchScreen.storyboard */ = {
			isa = PBXVariantGroup;
			children = (
				58E384F0211137EC00BE49CD /* Base */,
			);
			name = LaunchScreen.storyboard;
			sourceTree = "<group>";
		};
/* End PBXVariantGroup section */

/* Begin XCBuildConfiguration section */
		58E384F3211137EC00BE49CD /* Debug */ = {
			isa = XCBuildConfiguration;
			buildSettings = {
				ALWAYS_SEARCH_USER_PATHS = NO;
				CLANG_ANALYZER_NONNULL = YES;
				CLANG_ANALYZER_NUMBER_OBJECT_CONVERSION = YES_AGGRESSIVE;
				CLANG_CXX_LANGUAGE_STANDARD = "gnu++14";
				CLANG_CXX_LIBRARY = "libc++";
				CLANG_ENABLE_MODULES = YES;
				CLANG_ENABLE_OBJC_ARC = YES;
				CLANG_ENABLE_OBJC_WEAK = YES;
				CLANG_WARN_BLOCK_CAPTURE_AUTORELEASING = YES;
				CLANG_WARN_BOOL_CONVERSION = YES;
				CLANG_WARN_COMMA = YES;
				CLANG_WARN_CONSTANT_CONVERSION = YES;
				CLANG_WARN_DEPRECATED_OBJC_IMPLEMENTATIONS = YES;
				CLANG_WARN_DIRECT_OBJC_ISA_USAGE = YES_ERROR;
				CLANG_WARN_DOCUMENTATION_COMMENTS = YES;
				CLANG_WARN_EMPTY_BODY = YES;
				CLANG_WARN_ENUM_CONVERSION = YES;
				CLANG_WARN_INFINITE_RECURSION = YES;
				CLANG_WARN_INT_CONVERSION = YES;
				CLANG_WARN_NON_LITERAL_NULL_CONVERSION = YES;
				CLANG_WARN_OBJC_IMPLICIT_RETAIN_SELF = YES;
				CLANG_WARN_OBJC_LITERAL_CONVERSION = YES;
				CLANG_WARN_OBJC_ROOT_CLASS = YES_ERROR;
				CLANG_WARN_RANGE_LOOP_ANALYSIS = YES;
				CLANG_WARN_STRICT_PROTOTYPES = YES;
				CLANG_WARN_SUSPICIOUS_MOVE = YES;
				CLANG_WARN_UNGUARDED_AVAILABILITY = YES_AGGRESSIVE;
				CLANG_WARN_UNREACHABLE_CODE = YES;
				CLANG_WARN__DUPLICATE_METHOD_MATCH = YES;
				CODE_SIGN_IDENTITY = "iPhone Developer";
				COPY_PHASE_STRIP = NO;
				DEBUG_INFORMATION_FORMAT = dwarf;
				ENABLE_STRICT_OBJC_MSGSEND = YES;
				ENABLE_TESTABILITY = YES;
				GCC_C_LANGUAGE_STANDARD = gnu11;
				GCC_DYNAMIC_NO_PIC = NO;
				GCC_NO_COMMON_BLOCKS = YES;
				GCC_OPTIMIZATION_LEVEL = 0;
				GCC_PREPROCESSOR_DEFINITIONS = (
					"DEBUG=1",
					"$(inherited)",
				);
				GCC_WARN_64_TO_32_BIT_CONVERSION = YES;
				GCC_WARN_ABOUT_RETURN_TYPE = YES_ERROR;
				GCC_WARN_UNDECLARED_SELECTOR = YES;
				GCC_WARN_UNINITIALIZED_AUTOS = YES_AGGRESSIVE;
				GCC_WARN_UNUSED_FUNCTION = YES;
				GCC_WARN_UNUSED_VARIABLE = YES;
				IPHONEOS_DEPLOYMENT_TARGET = 11.4;
				MTL_ENABLE_DEBUG_INFO = YES;
				ONLY_ACTIVE_ARCH = YES;
				SDKROOT = iphoneos;
				SWIFT_ACTIVE_COMPILATION_CONDITIONS = DEBUG;
				SWIFT_OPTIMIZATION_LEVEL = "-Onone";
			};
			name = Debug;
		};
		58E384F4211137EC00BE49CD /* Release */ = {
			isa = XCBuildConfiguration;
			buildSettings = {
				ALWAYS_SEARCH_USER_PATHS = NO;
				CLANG_ANALYZER_NONNULL = YES;
				CLANG_ANALYZER_NUMBER_OBJECT_CONVERSION = YES_AGGRESSIVE;
				CLANG_CXX_LANGUAGE_STANDARD = "gnu++14";
				CLANG_CXX_LIBRARY = "libc++";
				CLANG_ENABLE_MODULES = YES;
				CLANG_ENABLE_OBJC_ARC = YES;
				CLANG_ENABLE_OBJC_WEAK = YES;
				CLANG_WARN_BLOCK_CAPTURE_AUTORELEASING = YES;
				CLANG_WARN_BOOL_CONVERSION = YES;
				CLANG_WARN_COMMA = YES;
				CLANG_WARN_CONSTANT_CONVERSION = YES;
				CLANG_WARN_DEPRECATED_OBJC_IMPLEMENTATIONS = YES;
				CLANG_WARN_DIRECT_OBJC_ISA_USAGE = YES_ERROR;
				CLANG_WARN_DOCUMENTATION_COMMENTS = YES;
				CLANG_WARN_EMPTY_BODY = YES;
				CLANG_WARN_ENUM_CONVERSION = YES;
				CLANG_WARN_INFINITE_RECURSION = YES;
				CLANG_WARN_INT_CONVERSION = YES;
				CLANG_WARN_NON_LITERAL_NULL_CONVERSION = YES;
				CLANG_WARN_OBJC_IMPLICIT_RETAIN_SELF = YES;
				CLANG_WARN_OBJC_LITERAL_CONVERSION = YES;
				CLANG_WARN_OBJC_ROOT_CLASS = YES_ERROR;
				CLANG_WARN_RANGE_LOOP_ANALYSIS = YES;
				CLANG_WARN_STRICT_PROTOTYPES = YES;
				CLANG_WARN_SUSPICIOUS_MOVE = YES;
				CLANG_WARN_UNGUARDED_AVAILABILITY = YES_AGGRESSIVE;
				CLANG_WARN_UNREACHABLE_CODE = YES;
				CLANG_WARN__DUPLICATE_METHOD_MATCH = YES;
				CODE_SIGN_IDENTITY = "iPhone Developer";
				COPY_PHASE_STRIP = NO;
				DEBUG_INFORMATION_FORMAT = "dwarf-with-dsym";
				ENABLE_NS_ASSERTIONS = NO;
				ENABLE_STRICT_OBJC_MSGSEND = YES;
				GCC_C_LANGUAGE_STANDARD = gnu11;
				GCC_NO_COMMON_BLOCKS = YES;
				GCC_WARN_64_TO_32_BIT_CONVERSION = YES;
				GCC_WARN_ABOUT_RETURN_TYPE = YES_ERROR;
				GCC_WARN_UNDECLARED_SELECTOR = YES;
				GCC_WARN_UNINITIALIZED_AUTOS = YES_AGGRESSIVE;
				GCC_WARN_UNUSED_FUNCTION = YES;
				GCC_WARN_UNUSED_VARIABLE = YES;
				IPHONEOS_DEPLOYMENT_TARGET = 11.4;
				MTL_ENABLE_DEBUG_INFO = NO;
				SDKROOT = iphoneos;
				SWIFT_COMPILATION_MODE = wholemodule;
				SWIFT_OPTIMIZATION_LEVEL = "-O";
				VALIDATE_PRODUCT = YES;
			};
			name = Release;
		};
		58E384F6211137EC00BE49CD /* Debug */ = {
			isa = XCBuildConfiguration;
			buildSettings = {
				ASSETCATALOG_COMPILER_APPICON_NAME = AppIcon;
				CODE_SIGN_STYLE = Automatic;
				DEVELOPMENT_TEAM = 4T4R2ZX7AH;
				INFOPLIST_FILE = Pizzeria/Info.plist;
				LD_RUNPATH_SEARCH_PATHS = (
					"$(inherited)",
					"@executable_path/Frameworks",
				);
				PRODUCT_BUNDLE_IDENTIFIER = com.samdindyal.Pizzeria;
				PRODUCT_NAME = "$(TARGET_NAME)";
				SWIFT_VERSION = 4.0;
				TARGETED_DEVICE_FAMILY = "1,2";
			};
			name = Debug;
		};
		58E384F7211137EC00BE49CD /* Release */ = {
			isa = XCBuildConfiguration;
			buildSettings = {
				ASSETCATALOG_COMPILER_APPICON_NAME = AppIcon;
				CODE_SIGN_STYLE = Automatic;
				DEVELOPMENT_TEAM = 4T4R2ZX7AH;
				INFOPLIST_FILE = Pizzeria/Info.plist;
				LD_RUNPATH_SEARCH_PATHS = (
					"$(inherited)",
					"@executable_path/Frameworks",
				);
				PRODUCT_BUNDLE_IDENTIFIER = com.samdindyal.Pizzeria;
				PRODUCT_NAME = "$(TARGET_NAME)";
				SWIFT_VERSION = 4.0;
				TARGETED_DEVICE_FAMILY = "1,2";
			};
			name = Release;
		};
/* End XCBuildConfiguration section */

/* Begin XCConfigurationList section */
		58E384DE211137EB00BE49CD /* Build configuration list for PBXProject "Pizzeria" */ = {
			isa = XCConfigurationList;
			buildConfigurations = (
				58E384F3211137EC00BE49CD /* Debug */,
				58E384F4211137EC00BE49CD /* Release */,
			);
			defaultConfigurationIsVisible = 0;
			defaultConfigurationName = Release;
		};
		58E384F5211137EC00BE49CD /* Build configuration list for PBXNativeTarget "Pizzeria" */ = {
			isa = XCConfigurationList;
			buildConfigurations = (
				58E384F6211137EC00BE49CD /* Debug */,
				58E384F7211137EC00BE49CD /* Release */,
			);
			defaultConfigurationIsVisible = 0;
			defaultConfigurationName = Release;
		};
/* End XCConfigurationList section */
	};
	rootObject = 58E384DB211137EB00BE49CD /* Project object */;
}
